
Microsoft Visual Studio Solution File, Format Version 12.00
# Visual Studio Version 17
VisualStudioVersion = 17.9.34622.214
MinimumVisualStudioVersion = 10.0.40219.1
Project("{FAE04EC0-301F-11D3-BF4B-00C04F79EFBC}") = "ServiceLifeCyclesDemo", "ServiceLifeCyclesDemo\ServiceLifeCyclesDemo.csproj", "{37CE3C81-FE61-4619-A392-665BC96C00B9}"
EndProject
Global
	GlobalSection(SolutionConfigurationPlatforms) = preSolution
		Debug|Any CPU = Debug|Any CPU
		Release|Any CPU = Release|Any CPU
	EndGlobalSection
	GlobalSection(ProjectConfigurationPlatforms) = postSolution
		{37CE3C81-FE61-4619-A392-665BC96C00B9}.Debug|Any CPU.ActiveCfg = Debug|Any CPU
		{37CE3C81-FE61-4619-A392-665BC96C00B9}.Debug|Any CPU.Build.0 = Debug|Any CPU
		{37CE3C81-FE61-4619-A392-665BC96C00B9}.Release|Any CPU.ActiveCfg = Release|Any CPU
		{37CE3C81-FE61-4619-A392-665BC96C00B9}.Release|Any CPU.Build.0 = Release|Any CPU
	EndGlobalSection
	GlobalSection(SolutionProperties) = preSolution
		HideSolutionNode = FALSE
	EndGlobalSection
	GlobalSection(ExtensibilityGlobals) = postSolution
		SolutionGuid = {3A2A79CE-050D-42BE-B529-8F9C755EA81E}
	EndGlobalSection
EndGlobal
